
Microsoft Visual Studio Solution File, Format Version 12.00
# Visual Studio 15
VisualStudioVersion = 15.0.28010.2048
MinimumVisualStudioVersion = 10.0.40219.1
Project("{262852C6-CD72-467D-83FE-5EEB1973A190}") = "GlobalZ recording", "GlobalZ recording\GlobalZ recording.jsproj", "{E93592D0-6AD3-43F9-B6AF-9ADA553BD152}"
EndProject
Global
	GlobalSection(SolutionConfigurationPlatforms) = preSolution
		Debug|Android = Debug|Android
		Debug|iOS = Debug|iOS
		Debug|Windows-ARM = Debug|Windows-ARM
		Debug|Windows-x64 = Debug|Windows-x64
		Debug|Windows-x86 = Debug|Windows-x86
		Release|Android = Release|Android
		Release|iOS = Release|iOS
		Release|Windows-ARM = Release|Windows-ARM
		Release|Windows-x64 = Release|Windows-x64
		Release|Windows-x86 = Release|Windows-x86
	EndGlobalSection
	GlobalSection(ProjectConfigurationPlatforms) = postSolution
		{E93592D0-6AD3-43F9-B6AF-9ADA553BD152}.Debug|Android.ActiveCfg = Debug|Android
		{E93592D0-6AD3-43F9-B6AF-9ADA553BD152}.Debug|Android.Build.0 = Debug|Android
		{E93592D0-6AD3-43F9-B6AF-9ADA553BD152}.Debug|Android.Deploy.0 = Debug|Android
		{E93592D0-6AD3-43F9-B6AF-9ADA553BD152}.Debug|iOS.ActiveCfg = Debug|iOS
		{E93592D0-6AD3-43F9-B6AF-9ADA553BD152}.Debug|iOS.Build.0 = Debug|iOS
		{E93592D0-6AD3-43F9-B6AF-9ADA553BD152}.Debug|iOS.Deploy.0 = Debug|iOS
		{E93592D0-6AD3-43F9-B6AF-9ADA553BD152}.Debug|Windows-ARM.ActiveCfg = Debug|Windows-ARM
		{E93592D0-6AD3-43F9-B6AF-9ADA553BD152}.Debug|Windows-ARM.Build.0 = Debug|Windows-ARM
		{E93592D0-6AD3-43F9-B6AF-9ADA553BD152}.Debug|Windows-ARM.Deploy.0 = Debug|Windows-ARM
		{E93592D0-6AD3-43F9-B6AF-9ADA553BD152}.Debug|Windows-x64.ActiveCfg = Debug|Windows-x64
		{E93592D0-6AD3-43F9-B6AF-9ADA553BD152}.Debug|Windows-x64.Build.0 = Debug|Windows-x64
		{E93592D0-6AD3-43F9-B6AF-9ADA553BD152}.Debug|Windows-x64.Deploy.0 = Debug|Windows-x64
		{E93592D0-6AD3-43F9-B6AF-9ADA553BD152}.Debug|Windows-x86.ActiveCfg = Debug|Windows-x86
		{E93592D0-6AD3-43F9-B6AF-9ADA553BD152}.Debug|Windows-x86.Build.0 = Debug|Windows-x86
		{E93592D0-6AD3-43F9-B6AF-9ADA553BD152}.Debug|Windows-x86.Deploy.0 = Debug|Windows-x86
		{E93592D0-6AD3-43F9-B6AF-9ADA553BD152}.Release|Android.ActiveCfg = Release|Android
		{E93592D0-6AD3-43F9-B6AF-9ADA553BD152}.Release|Android.Build.0 = Release|Android
		{E93592D0-6AD3-43F9-B6AF-9ADA553BD152}.Release|Android.Deploy.0 = Release|Android
		{E93592D0-6AD3-43F9-B6AF-9ADA553BD152}.Release|iOS.ActiveCfg = Release|iOS
		{E93592D0-6AD3-43F9-B6AF-9ADA553BD152}.Release|iOS.Build.0 = Release|iOS
		{E93592D0-6AD3-43F9-B6AF-9ADA553BD152}.Release|iOS.Deploy.0 = Release|iOS
		{E93592D0-6AD3-43F9-B6AF-9ADA553BD152}.Release|Windows-ARM.ActiveCfg = Release|Windows-ARM
		{E93592D0-6AD3-43F9-B6AF-9ADA553BD152}.Release|Windows-ARM.Build.0 = Release|Windows-ARM
		{E93592D0-6AD3-43F9-B6AF-9ADA553BD152}.Release|Windows-ARM.Deploy.0 = Release|Windows-ARM
		{E93592D0-6AD3-43F9-B6AF-9ADA553BD152}.Release|Windows-x64.ActiveCfg = Release|Windows-x64
		{E93592D0-6AD3-43F9-B6AF-9ADA553BD152}.Release|Windows-x64.Build.0 = Release|Windows-x64
		{E93592D0-6AD3-43F9-B6AF-9ADA553BD152}.Release|Windows-x64.Deploy.0 = Release|Windows-x64
		{E93592D0-6AD3-43F9-B6AF-9ADA553BD152}.Release|Windows-x86.ActiveCfg = Release|Windows-x86
		{E93592D0-6AD3-43F9-B6AF-9ADA553BD152}.Release|Windows-x86.Build.0 = Release|Windows-x86
		{E93592D0-6AD3-43F9-B6AF-9ADA553BD152}.Release|Windows-x86.Deploy.0 = Release|Windows-x86
	EndGlobalSection
	GlobalSection(SolutionProperties) = preSolution
		HideSolutionNode = FALSE
	EndGlobalSection
	GlobalSection(ExtensibilityGlobals) = postSolution
		SolutionGuid = {6C0D54F8-7C53-4046-BC6E-51E91366853E}
	EndGlobalSection
EndGlobal
